hash: 8baf4508269a9b35e52f4951003f4ee9962297e2b336fa46e2f46dbd63b1aedd
updated: 2020-07-16T03:56:11.414121+08:00
imports:
- name: github.com/cloudfoundry-community/go-cfenv
  version: 18fa650ff6b7b4f6bd8f8611408d1533eb54a918
- name: github.com/cloudnativego/cf-tools
  version: 3cd300eb2a0c0f4c95246cc1b8a9a390edfe1c75
- name: github.com/cloudnativego/cfmgo
  version: 35605f2df87ae242b8c1fdef3c7ebc07916e339b
  subpackages:
  - params
- name: github.com/cloudnativego/gogo-engine
  version: 256cb157fb61886eada3c2ec613fbb4428f5ca3f
- name: github.com/codegangsta/negroni
  version: c7477ad8e330bef55bf1ebe300cf8aa67c492d1b
- name: github.com/google/uuid
  version: 0e4e31197428a347842d152773b4cace4645ca25
- name: github.com/gorilla/context
  version: a8d44e7d8e4d532b6a27a02dd82abb31cc1b01bd
- name: github.com/gorilla/mux
  version: 9c19ed558d5df4da88e2ade9c8940d742aef0e7e
- name: github.com/mitchellh/mapstructure
  version: d2dd0262208475919e1a362f675cfc0e7c10e905
- name: github.com/pborman/uuid
  version: 5b6091a6a160ee5ce12917b21ab96acec2a4fdc0
- name: github.com/unrolled/render
  version: 198ad4d8b8a4612176b804ca10555b222a086b40
- name: gopkg.in/mgo.v2
  version: a6b53ec6cb22a3699387a57a161566f9402ee85b
  subpackages:
  - bson
  - internal/json
  - internal/sasl
  - internal/scram
testImports: []
